// !$*UTF8*$!
{
	archiveVersion = 1;
	classes = {
	};
	objectVersion = 55;
	objects = {

/* Begin PBXBuildFile section */
		8498E503286C634E00621B53 /* MsafiriApp.swift in Sources */ = {isa = PBXBuildFile; fileRef = 8498E502286C634E00621B53 /* MsafiriApp.swift */; };
		8498E505286C634E00621B53 /* ContentView.swift in Sources */ = {isa = PBXBuildFile; fileRef = 8498E504286C634E00621B53 /* ContentView.swift */; };
		8498E50A286C635200621B53 /* Preview Assets.xcassets in Resources */ = {isa = PBXBuildFile; fileRef = 8498E509286C635200621B53 /* Preview Assets.xcassets */; };
		8498E511286C650600621B53 /* Assets.xcassets in Resources */ = {isa = PBXBuildFile; fileRef = 8498E510286C650600621B53 /* Assets.xcassets */; };
		8498E517286C65B600621B53 /* Location.swift in Sources */ = {isa = PBXBuildFile; fileRef = 8498E516286C65B600621B53 /* Location.swift */; };
		8498E51A286C669400621B53 /* LocationsDataService.swift in Sources */ = {isa = PBXBuildFile; fileRef = 8498E519286C669400621B53 /* LocationsDataService.swift */; };
		8498E51E286C67B700621B53 /* LocationsView.swift in Sources */ = {isa = PBXBuildFile; fileRef = 8498E51D286C67B700621B53 /* LocationsView.swift */; };
		8498E520286C6B2500621B53 /* LocationsViewModel.swift in Sources */ = {isa = PBXBuildFile; fileRef = 8498E51F286C6B2500621B53 /* LocationsViewModel.swift */; };
/* End PBXBuildFile section */

/* Begin PBXFileReference section */
		8498E4FF286C634E00621B53 /* Msafiri.app */ = {isa = PBXFileReference; explicitFileType = wrapper.application; includeInIndex = 0; path = Msafiri.app; sourceTree = BUILT_PRODUCTS_DIR; };
		8498E502286C634E00621B53 /* MsafiriApp.swift */ = {isa = PBXFileReference; lastKnownFileType = sourcecode.swift; path = MsafiriApp.swift; sourceTree = "<group>"; };
		8498E504286C634E00621B53 /* ContentView.swift */ = {isa = PBXFileReference; lastKnownFileType = sourcecode.swift; path = ContentView.swift; sourceTree = "<group>"; };
		8498E509286C635200621B53 /* Preview Assets.xcassets */ = {isa = PBXFileReference; lastKnownFileType = folder.assetcatalog; path = "Preview Assets.xcassets"; sourceTree = "<group>"; };
		8498E510286C650600621B53 /* Assets.xcassets */ = {isa = PBXFileReference; lastKnownFileType = folder.assetcatalog; path = Assets.xcassets; sourceTree = "<group>"; };
		8498E516286C65B600621B53 /* Location.swift */ = {isa = PBXFileReference; lastKnownFileType = sourcecode.swift; path = Location.swift; sourceTree = "<group>"; };
		8498E519286C669400621B53 /* LocationsDataService.swift */ = {isa = PBXFileReference; fileEncoding = 4; lastKnownFileType = sourcecode.swift; path = LocationsDataService.swift; sourceTree = "<group>"; };
		8498E51D286C67B700621B53 /* LocationsView.swift */ = {isa = PBXFileReference; lastKnownFileType = sourcecode.swift; path = LocationsView.swift; sourceTree = "<group>"; };
		8498E51F286C6B2500621B53 /* LocationsViewModel.swift */ = {isa = PBXFileReference; lastKnownFileType = sourcecode.swift; path = LocationsViewModel.swift; sourceTree = "<group>"; };
/* End PBXFileReference section */

/* Begin PBXFrameworksBuildPhase section */
		8498E4FC286C634E00621B53 /* Frameworks */ = {
			isa = PBXFrameworksBuildPhase;
			buildActionMask = 2147483647;
			files = (
			);
			runOnlyForDeploymentPostprocessing = 0;
		};
/* End PBXFrameworksBuildPhase section */

/* Begin PBXGroup section */
		8498E4F6286C634E00621B53 = {
			isa = PBXGroup;
			children = (
				8498E501286C634E00621B53 /* Msafiri */,
				8498E500286C634E00621B53 /* Products */,
			);
			sourceTree = "<group>";
		};
		8498E500286C634E00621B53 /* Products */ = {
			isa = PBXGroup;
			children = (
				8498E4FF286C634E00621B53 /* Msafiri.app */,
			);
			name = Products;
			sourceTree = "<group>";
		};
		8498E501286C634E00621B53 /* Msafiri */ = {
			isa = PBXGroup;
			children = (
				8498E518286C667700621B53 /* DataServices */,
				8498E515286C659D00621B53 /* ViewModels */,
				8498E513286C658E00621B53 /* Views */,
				8498E512286C658800621B53 /* Models */,
				8498E502286C634E00621B53 /* MsafiriApp.swift */,
				8498E504286C634E00621B53 /* ContentView.swift */,
				8498E510286C650600621B53 /* Assets.xcassets */,
				8498E508286C635200621B53 /* Preview Content */,
			);
			path = Msafiri;
			sourceTree = "<group>";
		};
		8498E508286C635200621B53 /* Preview Content */ = {
			isa = PBXGroup;
			children = (
				8498E509286C635200621B53 /* Preview Assets.xcassets */,
			);
			path = "Preview Content";
			sourceTree = "<group>";
		};
		8498E512286C658800621B53 /* Models */ = {
			isa = PBXGroup;
			children = (
				8498E516286C65B600621B53 /* Location.swift */,
			);
			path = Models;
			sourceTree = "<group>";
		};
		8498E513286C658E00621B53 /* Views */ = {
			isa = PBXGroup;
			children = (
				8498E51D286C67B700621B53 /* LocationsView.swift */,
			);
			path = Views;
			sourceTree = "<group>";
		};
		8498E515286C659D00621B53 /* ViewModels */ = {
			isa = PBXGroup;
			children = (
				8498E51F286C6B2500621B53 /* LocationsViewModel.swift */,
			);
			path = ViewModels;
			sourceTree = "<group>";
		};
		8498E518286C667700621B53 /* DataServices */ = {
			isa = PBXGroup;
			children = (
				8498E519286C669400621B53 /* LocationsDataService.swift */,
			);
			path = DataServices;
			sourceTree = "<group>";
		};
/* End PBXGroup section */

/* Begin PBXNativeTarget section */
		8498E4FE286C634E00621B53 /* Msafiri */ = {
			isa = PBXNativeTarget;
			buildConfigurationList = 8498E50D286C635200621B53 /* Build configuration list for PBXNativeTarget "Msafiri" */;
			buildPhases = (
				8498E4FB286C634E00621B53 /* Sources */,
				8498E4FC286C634E00621B53 /* Frameworks */,
				8498E4FD286C634E00621B53 /* Resources */,
			);
			buildRules = (
			);
			dependencies = (
			);
			name = Msafiri;
			productName = Msafiri;
			productReference = 8498E4FF286C634E00621B53 /* Msafiri.app */;
			productType = "com.apple.product-type.application";
		};
/* End PBXNativeTarget section */

/* Begin PBXProject section */
		8498E4F7286C634E00621B53 /* Project object */ = {
			isa = PBXProject;
			attributes = {
				BuildIndependentTargetsInParallel = 1;
				LastSwiftUpdateCheck = 1330;
				LastUpgradeCheck = 1330;
				TargetAttributes = {
					8498E4FE286C634E00621B53 = {
						CreatedOnToolsVersion = 13.3;
					};
				};
			};
			buildConfigurationList = 8498E4FA286C634E00621B53 /* Build configuration list for PBXProject "Msafiri" */;
			compatibilityVersion = "Xcode 13.0";
			developmentRegion = en;
			hasScannedForEncodings = 0;
			knownRegions = (
				en,
				Base,
			);
			mainGroup = 8498E4F6286C634E00621B53;
			productRefGroup = 8498E500286C634E00621B53 /* Products */;
			projectDirPath = "";
			projectRoot = "";
			targets = (
				8498E4FE286C634E00621B53 /* Msafiri */,
			);
		};
/* End PBXProject section */

/* Begin PBXResourcesBuildPhase section */
		8498E4FD286C634E00621B53 /* Resources */ = {
			isa = PBXResourcesBuildPhase;
			buildActionMask = 2147483647;
			files = (
				8498E511286C650600621B53 /* Assets.xcassets in Resources */,
				8498E50A286C635200621B53 /* Preview Assets.xcassets in Resources */,
			);
			runOnlyForDeploymentPostprocessing = 0;
		};
/* End PBXResourcesBuildPhase section */

/* Begin PBXSourcesBuildPhase section */
		8498E4FB286C634E00621B53 /* Sources */ = {
			isa = PBXSourcesBuildPhase;
			buildActionMask = 2147483647;
			files = (
				8498E51A286C669400621B53 /* LocationsDataService.swift in Sources */,
				8498E520286C6B2500621B53 /* LocationsViewModel.swift in Sources */,
				8498E505286C634E00621B53 /* ContentView.swift in Sources */,
				8498E51E286C67B700621B53 /* LocationsView.swift in Sources */,
				8498E517286C65B600621B53 /* Location.swift in Sources */,
				8498E503286C634E00621B53 /* MsafiriApp.swift in Sources */,
			);
			runOnlyForDeploymentPostprocessing = 0;
		};
/* End PBXSourcesBuildPhase section */

/* Begin XCBuildConfiguration section */
		8498E50B286C635200621B53 /* Debug */ = {
			isa = XCBuildConfiguration;
			buildSettings = {
				ALWAYS_SEARCH_USER_PATHS = NO;
				CLANG_ANALYZER_NONNULL = YES;
				CLANG_ANALYZER_NUMBER_OBJECT_CONVERSION = YES_AGGRESSIVE;
				CLANG_CXX_LANGUAGE_STANDARD = "gnu++17";
				CLANG_ENABLE_MODULES = YES;
				CLANG_ENABLE_OBJC_ARC = YES;
				CLANG_ENABLE_OBJC_WEAK = YES;
				CLANG_WARN_BLOCK_CAPTURE_AUTORELEASING = YES;
				CLANG_WARN_BOOL_CONVERSION = YES;
				CLANG_WARN_COMMA = YES;
				CLANG_WARN_CONSTANT_CONVERSION = YES;
				CLANG_WARN_DEPRECATED_OBJC_IMPLEMENTATIONS = YES;
				CLANG_WARN_DIRECT_OBJC_ISA_USAGE = YES_ERROR;
				CLANG_WARN_DOCUMENTATION_COMMENTS = YES;
				CLANG_WARN_EMPTY_BODY = YES;
				CLANG_WARN_ENUM_CONVERSION = YES;
				CLANG_WARN_INFINITE_RECURSION = YES;
				CLANG_WARN_INT_CONVERSION = YES;
				CLANG_WARN_NON_LITERAL_NULL_CONVERSION = YES;
				CLANG_WARN_OBJC_IMPLICIT_RETAIN_SELF = YES;
				CLANG_WARN_OBJC_LITERAL_CONVERSION = YES;
				CLANG_WARN_OBJC_ROOT_CLASS = YES_ERROR;
				CLANG_WARN_QUOTED_INCLUDE_IN_FRAMEWORK_HEADER = YES;
				CLANG_WARN_RANGE_LOOP_ANALYSIS = YES;
				CLANG_WARN_STRICT_PROTOTYPES = YES;
				CLANG_WARN_SUSPICIOUS_MOVE = YES;
				CLANG_WARN_UNGUARDED_AVAILABILITY = YES_AGGRESSIVE;
				CLANG_WARN_UNREACHABLE_CODE = YES;
				CLANG_WARN__DUPLICATE_METHOD_MATCH = YES;
				COPY_PHASE_STRIP = NO;
				DEBUG_INFORMATION_FORMAT = dwarf;
				ENABLE_STRICT_OBJC_MSGSEND = YES;
				ENABLE_TESTABILITY = YES;
				GCC_C_LANGUAGE_STANDARD = gnu11;
				GCC_DYNAMIC_NO_PIC = NO;
				GCC_NO_COMMON_BLOCKS = YES;
				GCC_OPTIMIZATION_LEVEL = 0;
				GCC_PREPROCESSOR_DEFINITIONS = (
					"DEBUG=1",
					"$(inherited)",
				);
				GCC_WARN_64_TO_32_BIT_CONVERSION = YES;
				GCC_WARN_ABOUT_RETURN_TYPE = YES_ERROR;
				GCC_WARN_UNDECLARED_SELECTOR = YES;
				GCC_WARN_UNINITIALIZED_AUTOS = YES_AGGRESSIVE;
				GCC_WARN_UNUSED_FUNCTION = YES;
				GCC_WARN_UNUSED_VARIABLE = YES;
				IPHONEOS_DEPLOYMENT_TARGET = 15.4;
				MTL_ENABLE_DEBUG_INFO = INCLUDE_SOURCE;
				MTL_FAST_MATH = YES;
				ONLY_ACTIVE_ARCH = YES;
				SDKROOT = iphoneos;
				SWIFT_ACTIVE_COMPILATION_CONDITIONS = DEBUG;
				SWIFT_OPTIMIZATION_LEVEL = "-Onone";
			};
			name = Debug;
		};
		8498E50C286C635200621B53 /* Release */ = {
			isa = XCBuildConfiguration;
			buildSettings = {
				ALWAYS_SEARCH_USER_PATHS = NO;
				CLANG_ANALYZER_NONNULL = YES;
				CLANG_ANALYZER_NUMBER_OBJECT_CONVERSION = YES_AGGRESSIVE;
				CLANG_CXX_LANGUAGE_STANDARD = "gnu++17";
				CLANG_ENABLE_MODULES = YES;
				CLANG_ENABLE_OBJC_ARC = YES;
				CLANG_ENABLE_OBJC_WEAK = YES;
				CLANG_WARN_BLOCK_CAPTURE_AUTORELEASING = YES;
				CLANG_WARN_BOOL_CONVERSION = YES;
				CLANG_WARN_COMMA = YES;
				CLANG_WARN_CONSTANT_CONVERSION = YES;
				CLANG_WARN_DEPRECATED_OBJC_IMPLEMENTATIONS = YES;
				CLANG_WARN_DIRECT_OBJC_ISA_USAGE = YES_ERROR;
				CLANG_WARN_DOCUMENTATION_COMMENTS = YES;
				CLANG_WARN_EMPTY_BODY = YES;
				CLANG_WARN_ENUM_CONVERSION = YES;
				CLANG_WARN_INFINITE_RECURSION = YES;
				CLANG_WARN_INT_CONVERSION = YES;
				CLANG_WARN_NON_LITERAL_NULL_CONVERSION = YES;
				CLANG_WARN_OBJC_IMPLICIT_RETAIN_SELF = YES;
				CLANG_WARN_OBJC_LITERAL_CONVERSION = YES;
				CLANG_WARN_OBJC_ROOT_CLASS = YES_ERROR;
				CLANG_WARN_QUOTED_INCLUDE_IN_FRAMEWORK_HEADER = YES;
				CLANG_WARN_RANGE_LOOP_ANALYSIS = YES;
				CLANG_WARN_STRICT_PROTOTYPES = YES;
				CLANG_WARN_SUSPICIOUS_MOVE = YES;
				CLANG_WARN_UNGUARDED_AVAILABILITY = YES_AGGRESSIVE;
				CLANG_WARN_UNREACHABLE_CODE = YES;
				CLANG_WARN__DUPLICATE_METHOD_MATCH = YES;
				COPY_PHASE_STRIP = NO;
				DEBUG_INFORMATION_FORMAT = "dwarf-with-dsym";
				ENABLE_NS_ASSERTIONS = NO;
				ENABLE_STRICT_OBJC_MSGSEND = YES;
				GCC_C_LANGUAGE_STANDARD = gnu11;
				GCC_NO_COMMON_BLOCKS = YES;
				GCC_WARN_64_TO_32_BIT_CONVERSION = YES;
				GCC_WARN_ABOUT_RETURN_TYPE = YES_ERROR;
				GCC_WARN_UNDECLARED_SELECTOR = YES;
				GCC_WARN_UNINITIALIZED_AUTOS = YES_AGGRESSIVE;
				GCC_WARN_UNUSED_FUNCTION = YES;
				GCC_WARN_UNUSED_VARIABLE = YES;
				IPHONEOS_DEPLOYMENT_TARGET = 15.4;
				MTL_ENABLE_DEBUG_INFO = NO;
				MTL_FAST_MATH = YES;
				SDKROOT = iphoneos;
				SWIFT_COMPILATION_MODE = wholemodule;
				SWIFT_OPTIMIZATION_LEVEL = "-O";
				VALIDATE_PRODUCT = YES;
			};
			name = Release;
		};
		8498E50E286C635200621B53 /* Debug */ = {
			isa = XCBuildConfiguration;
			buildSettings = {
				ASSETCATALOG_COMPILER_APPICON_NAME = AppIcon;
				ASSETCATALOG_COMPILER_GLOBAL_ACCENT_COLOR_NAME = AccentColor;
				CODE_SIGN_STYLE = Automatic;
				CURRENT_PROJECT_VERSION = 1;
				DEVELOPMENT_ASSET_PATHS = "\"Msafiri/Preview Content\"";
				ENABLE_PREVIEWS = YES;
				GENERATE_INFOPLIST_FILE = YES;
				INFOPLIST_KEY_UIApplicationSceneManifest_Generation = YES;
				INFOPLIST_KEY_UIApplicationSupportsIndirectInputEvents = YES;
				INFOPLIST_KEY_UILaunchScreen_Generation = YES;
				INFOPLIST_KEY_UISupportedInterfaceOrientations_iPad = "UIInterfaceOrientationPortrait UIInterfaceOrientationPortraitUpsideDown UIInterfaceOrientationLandscapeLeft UIInterfaceOrientationLandscapeRight";
				INFOPLIST_KEY_UISupportedInterfaceOrientations_iPhone = "UIInterfaceOrientationPortrait UIInterfaceOrientationLandscapeLeft UIInterfaceOrientationLandscapeRight";
				LD_RUNPATH_SEARCH_PATHS = (
					"$(inherited)",
					"@executable_path/Frameworks",
				);
				MARKETING_VERSION = 1.0;
				PRODUCT_BUNDLE_IDENTIFIER = com.okelloayai.Msafiri;
				PRODUCT_NAME = "$(TARGET_NAME)";
				SWIFT_EMIT_LOC_STRINGS = YES;
				SWIFT_VERSION = 5.0;
				TARGETED_DEVICE_FAMILY = "1,2";
			};
			name = Debug;
		};
		8498E50F286C635200621B53 /* Release */ = {
			isa = XCBuildConfiguration;
			buildSettings = {
				ASSETCATALOG_COMPILER_APPICON_NAME = AppIcon;
				ASSETCATALOG_COMPILER_GLOBAL_ACCENT_COLOR_NAME = AccentColor;
				CODE_SIGN_STYLE = Automatic;
				CURRENT_PROJECT_VERSION = 1;
				DEVELOPMENT_ASSET_PATHS = "\"Msafiri/Preview Content\"";
				ENABLE_PREVIEWS = YES;
				GENERATE_INFOPLIST_FILE = YES;
				INFOPLIST_KEY_UIApplicationSceneManifest_Generation = YES;
				INFOPLIST_KEY_UIApplicationSupportsIndirectInputEvents = YES;
				INFOPLIST_KEY_UILaunchScreen_Generation = YES;
				INFOPLIST_KEY_UISupportedInterfaceOrientations_iPad = "UIInterfaceOrientationPortrait UIInterfaceOrientationPortraitUpsideDown UIInterfaceOrientationLandscapeLeft UIInterfaceOrientationLandscapeRight";
				INFOPLIST_KEY_UISupportedInterfaceOrientations_iPhone = "UIInterfaceOrientationPortrait UIInterfaceOrientationLandscapeLeft UIInterfaceOrientationLandscapeRight";
				LD_RUNPATH_SEARCH_PATHS = (
					"$(inherited)",
					"@executable_path/Frameworks",
				);
				MARKETING_VERSION = 1.0;
				PRODUCT_BUNDLE_IDENTIFIER = com.okelloayai.Msafiri;
				PRODUCT_NAME = "$(TARGET_NAME)";
				SWIFT_EMIT_LOC_STRINGS = YES;
				SWIFT_VERSION = 5.0;
				TARGETED_DEVICE_FAMILY = "1,2";
			};
			name = Release;
		};
/* End XCBuildConfiguration section */

/* Begin XCConfigurationList section */
		8498E4FA286C634E00621B53 /* Build configuration list for PBXProject "Msafiri" */ = {
			isa = XCConfigurationList;
			buildConfigurations = (
				8498E50B286C635200621B53 /* Debug */,
				8498E50C286C635200621B53 /* Release */,
			);
			defaultConfigurationIsVisible = 0;
			defaultConfigurationName = Release;
		};
		8498E50D286C635200621B53 /* Build configuration list for PBXNativeTarget "Msafiri" */ = {
			isa = XCConfigurationList;
			buildConfigurations = (
				8498E50E286C635200621B53 /* Debug */,
				8498E50F286C635200621B53 /* Release */,
			);
			defaultConfigurationIsVisible = 0;
			defaultConfigurationName = Release;
		};
/* End XCConfigurationList section */
	};
	rootObject = 8498E4F7286C634E00621B53 /* Project object */;
}
